// !$*UTF8*$!
{
	archiveVersion = 1;
	classes = {
	};
	objectVersion = 46;
	objects = {

/* Begin PBXBuildFile section */
		AE4792F21C56A4A800886254 /* AppDelegate.swift in Sources */ = {isa = PBXBuildFile; fileRef = AE4792F11C56A4A800886254 /* AppDelegate.swift */; };
		AE4792F41C56A4A800886254 /* ViewController.swift in Sources */ = {isa = PBXBuildFile; fileRef = AE4792F31C56A4A800886254 /* ViewController.swift */; };
		AE4792F71C56A4A800886254 /* Main.storyboard in Resources */ = {isa = PBXBuildFile; fileRef = AE4792F51C56A4A800886254 /* Main.storyboard */; };
		AE4792F91C56A4A800886254 /* Assets.xcassets in Resources */ = {isa = PBXBuildFile; fileRef = AE4792F81C56A4A800886254 /* Assets.xcassets */; };
		AE4792FC1C56A4A800886254 /* LaunchScreen.storyboard in Resources */ = {isa = PBXBuildFile; fileRef = AE4792FA1C56A4A800886254 /* LaunchScreen.storyboard */; };
/* End PBXBuildFile section */

/* Begin PBXFileReference section */
		AE4792EE1C56A4A800886254 /* brighton.app */ = {isa = PBXFileReference; explicitFileType = wrapper.application; includeInIndex = 0; path = brighton.app; sourceTree = BUILT_PRODUCTS_DIR; };
		AE4792F11C56A4A800886254 /* AppDelegate.swift */ = {isa = PBXFileReference; lastKnownFileType = sourcecode.swift; path = AppDelegate.swift; sourceTree = "<group>"; };
		AE4792F31C56A4A800886254 /* ViewController.swift */ = {isa = PBXFileReference; lastKnownFileType = sourcecode.swift; path = ViewController.swift; sourceTree = "<group>"; };
		AE4792F61C56A4A800886254 /* Base */ = {isa = PBXFileReference; lastKnownFileType = file.storyboard; name = Base; path = Base.lproj/Main.storyboard; sourceTree = "<group>"; };
		AE4792F81C56A4A800886254 /* Assets.xcassets */ = {isa = PBXFileReference; lastKnownFileType = folder.assetcatalog; path = Assets.xcassets; sourceTree = "<group>"; };
		AE4792FB1C56A4A800886254 /* Base */ = {isa = PBXFileReference; lastKnownFileType = file.storyboard; name = Base; path = Base.lproj/LaunchScreen.storyboard; sourceTree = "<group>"; };
		AE4792FD1C56A4A800886254 /* Info.plist */ = {isa = PBXFileReference; lastKnownFileType = text.plist.xml; path = Info.plist; sourceTree = "<group>"; };
/* End PBXFileReference section */

/* Begin PBXFrameworksBuildPhase section */
		AE4792EB1C56A4A800886254 /* Frameworks */ = {
			isa = PBXFrameworksBuildPhase;
			buildActionMask = 2147483647;
			files = (
			);
			runOnlyForDeploymentPostprocessing = 0;
		};
/* End PBXFrameworksBuildPhase section */

/* Begin PBXGroup section */
		AE4792E51C56A4A800886254 = {
			isa = PBXGroup;
			children = (
				AE4792F01C56A4A800886254 /* brighton */,
				AE4792EF1C56A4A800886254 /* Products */,
			);
			sourceTree = "<group>";
		};
		AE4792EF1C56A4A800886254 /* Products */ = {
			isa = PBXGroup;
			children = (
				AE4792EE1C56A4A800886254 /* brighton.app */,
			);
			name = Products;
			sourceTree = "<group>";
		};
		AE4792F01C56A4A800886254 /* brighton */ = {
			isa = PBXGroup;
			children = (
				AE4792F11C56A4A800886254 /* AppDelegate.swift */,
				AE4792F31C56A4A800886254 /* ViewController.swift */,
				AE4792F51C56A4A800886254 /* Main.storyboard */,
				AE4792F81C56A4A800886254 /* Assets.xcassets */,
				AE4792FA1C56A4A800886254 /* LaunchScreen.storyboard */,
				AE4792FD1C56A4A800886254 /* Info.plist */,
			);
			path = brighton;
			sourceTree = "<group>";
		};
/* End PBXGroup section */

/* Begin PBXNativeTarget section */
		AE4792ED1C56A4A800886254 /* brighton */ = {
			isa = PBXNativeTarget;
			buildConfigurationList = AE4793001C56A4A800886254 /* Build configuration list for PBXNativeTarget "brighton" */;
			buildPhases = (
				AE4792EA1C56A4A800886254 /* Sources */,
				AE4792EB1C56A4A800886254 /* Frameworks */,
				AE4792EC1C56A4A800886254 /* Resources */,
			);
			buildRules = (
			);
			dependencies = (
			);
			name = brighton;
			productName = brighton;
			productReference = AE4792EE1C56A4A800886254 /* brighton.app */;
			productType = "com.apple.product-type.application";
		};
/* End PBXNativeTarget section */

/* Begin PBXProject section */
		AE4792E61C56A4A800886254 /* Project object */ = {
			isa = PBXProject;
			attributes = {
				LastSwiftUpdateCheck = 0720;
				LastUpgradeCheck = 0720;
				ORGANIZATIONNAME = Pivotal;
				TargetAttributes = {
					AE4792ED1C56A4A800886254 = {
						CreatedOnToolsVersion = 7.2;
					};
				};
			};
			buildConfigurationList = AE4792E91C56A4A800886254 /* Build configuration list for PBXProject "brighton" */;
			compatibilityVersion = "Xcode 3.2";
			developmentRegion = English;
			hasScannedForEncodings = 0;
			knownRegions = (
				en,
				Base,
			);
			mainGroup = AE4792E51C56A4A800886254;
			productRefGroup = AE4792EF1C56A4A800886254 /* Products */;
			projectDirPath = "";
			projectRoot = "";
			targets = (
				AE4792ED1C56A4A800886254 /* brighton */,
			);
		};
/* End PBXProject section */

/* Begin PBXResourcesBuildPhase section */
		AE4792EC1C56A4A800886254 /* Resources */ = {
			isa = PBXResourcesBuildPhase;
			buildActionMask = 2147483647;
			files = (
				AE4792FC1C56A4A800886254 /* LaunchScreen.storyboard in Resources */,
				AE4792F91C56A4A800886254 /* Assets.xcassets in Resources */,
				AE4792F71C56A4A800886254 /* Main.storyboard in Resources */,
			);
			runOnlyForDeploymentPostprocessing = 0;
		};
/* End PBXResourcesBuildPhase section */

/* Begin PBXSourcesBuildPhase section */
		AE4792EA1C56A4A800886254 /* Sources */ = {
			isa = PBXSourcesBuildPhase;
			buildActionMask = 2147483647;
			files = (
				AE4792F41C56A4A800886254 /* ViewController.swift in Sources */,
				AE4792F21C56A4A800886254 /* AppDelegate.swift in Sources */,
			);
			runOnlyForDeploymentPostprocessing = 0;
		};
/* End PBXSourcesBuildPhase section */

/* Begin PBXVariantGroup section */
		AE4792F51C56A4A800886254 /* Main.storyboard */ = {
			isa = PBXVariantGroup;
			children = (
				AE4792F61C56A4A800886254 /* Base */,
			);
			name = Main.storyboard;
			sourceTree = "<group>";
		};
		AE4792FA1C56A4A800886254 /* LaunchScreen.storyboard */ = {
			isa = PBXVariantGroup;
			children = (
				AE4792FB1C56A4A800886254 /* Base */,
			);
			name = LaunchScreen.storyboard;
			sourceTree = "<group>";
		};
/* End PBXVariantGroup section */

/* Begin XCBuildConfiguration section */
		AE4792FE1C56A4A800886254 /* Debug */ = {
			isa = XCBuildConfiguration;
			buildSettings = {
				ALWAYS_SEARCH_USER_PATHS = NO;
				CLANG_CXX_LANGUAGE_STANDARD = "gnu++0x";
				CLANG_CXX_LIBRARY = "libc++";
				CLANG_ENABLE_MODULES = YES;
				CLANG_ENABLE_OBJC_ARC = YES;
				CLANG_WARN_BOOL_CONVERSION = YES;
				CLANG_WARN_CONSTANT_CONVERSION = YES;
				CLANG_WARN_DIRECT_OBJC_ISA_USAGE = YES_ERROR;
				CLANG_WARN_EMPTY_BODY = YES;
				CLANG_WARN_ENUM_CONVERSION = YES;
				CLANG_WARN_INT_CONVERSION = YES;
				CLANG_WARN_OBJC_ROOT_CLASS = YES_ERROR;
				CLANG_WARN_UNREACHABLE_CODE = YES;
				CLANG_WARN__DUPLICATE_METHOD_MATCH = YES;
				"CODE_SIGN_IDENTITY[sdk=iphoneos*]" = "iPhone Developer";
				COPY_PHASE_STRIP = NO;
				DEBUG_INFORMATION_FORMAT = dwarf;
				ENABLE_STRICT_OBJC_MSGSEND = YES;
				ENABLE_TESTABILITY = YES;
				GCC_C_LANGUAGE_STANDARD = gnu99;
				GCC_DYNAMIC_NO_PIC = NO;
				GCC_NO_COMMON_BLOCKS = YES;
				GCC_OPTIMIZATION_LEVEL = 0;
				GCC_PREPROCESSOR_DEFINITIONS = (
					"DEBUG=1",
					"$(inherited)",
				);
				GCC_WARN_64_TO_32_BIT_CONVERSION = YES;
				GCC_WARN_ABOUT_RETURN_TYPE = YES_ERROR;
				GCC_WARN_UNDECLARED_SELECTOR = YES;
				GCC_WARN_UNINITIALIZED_AUTOS = YES_AGGRESSIVE;
				GCC_WARN_UNUSED_FUNCTION = YES;
				GCC_WARN_UNUSED_VARIABLE = YES;
				IPHONEOS_DEPLOYMENT_TARGET = 9.2;
				MTL_ENABLE_DEBUG_INFO = YES;
				ONLY_ACTIVE_ARCH = YES;
				SDKROOT = iphoneos;
				SWIFT_OPTIMIZATION_LEVEL = "-Onone";
			};
			name = Debug;
		};
		AE4792FF1C56A4A800886254 /* Release */ = {
			isa = XCBuildConfiguration;
			buildSettings = {
				ALWAYS_SEARCH_USER_PATHS = NO;
				CLANG_CXX_LANGUAGE_STANDARD = "gnu++0x";
				CLANG_CXX_LIBRARY = "libc++";
				CLANG_ENABLE_MODULES = YES;
				CLANG_ENABLE_OBJC_ARC = YES;
				CLANG_WARN_BOOL_CONVERSION = YES;
				CLANG_WARN_CONSTANT_CONVERSION = YES;
				CLANG_WARN_DIRECT_OBJC_ISA_USAGE = YES_ERROR;
				CLANG_WARN_EMPTY_BODY = YES;
				CLANG_WARN_ENUM_CONVERSION = YES;
				CLANG_WARN_INT_CONVERSION = YES;
				CLANG_WARN_OBJC_ROOT_CLASS = YES_ERROR;
				CLANG_WARN_UNREACHABLE_CODE = YES;
				CLANG_WARN__DUPLICATE_METHOD_MATCH = YES;
				"CODE_SIGN_IDENTITY[sdk=iphoneos*]" = "iPhone Developer";
				COPY_PHASE_STRIP = NO;
				DEBUG_INFORMATION_FORMAT = "dwarf-with-dsym";
				ENABLE_NS_ASSERTIONS = NO;
				ENABLE_STRICT_OBJC_MSGSEND = YES;
				GCC_C_LANGUAGE_STANDARD = gnu99;
				GCC_NO_COMMON_BLOCKS = YES;
				GCC_WARN_64_TO_32_BIT_CONVERSION = YES;
				GCC_WARN_ABOUT_RETURN_TYPE = YES_ERROR;
				GCC_WARN_UNDECLARED_SELECTOR = YES;
				GCC_WARN_UNINITIALIZED_AUTOS = YES_AGGRESSIVE;
				GCC_WARN_UNUSED_FUNCTION = YES;
				GCC_WARN_UNUSED_VARIABLE = YES;
				IPHONEOS_DEPLOYMENT_TARGET = 9.2;
				MTL_ENABLE_DEBUG_INFO = NO;
				SDKROOT = iphoneos;
				VALIDATE_PRODUCT = YES;
			};
			name = Release;
		};
		AE4793011C56A4A800886254 /* Debug */ = {
			isa = XCBuildConfiguration;
			buildSettings = {
				ASSETCATALOG_COMPILER_APPICON_NAME = AppIcon;
				INFOPLIST_FILE = brighton/Info.plist;
				LD_RUNPATH_SEARCH_PATHS = "$(inherited) @executable_path/Frameworks";
				PRODUCT_BUNDLE_IDENTIFIER = com.pivotal.brighton.brighton;
				PRODUCT_NAME = "$(TARGET_NAME)";
			};
			name = Debug;
		};
		AE4793021C56A4A800886254 /* Release */ = {
			isa = XCBuildConfiguration;
			buildSettings = {
				ASSETCATALOG_COMPILER_APPICON_NAME = AppIcon;
				INFOPLIST_FILE = brighton/Info.plist;
				LD_RUNPATH_SEARCH_PATHS = "$(inherited) @executable_path/Frameworks";
				PRODUCT_BUNDLE_IDENTIFIER = com.pivotal.brighton.brighton;
				PRODUCT_NAME = "$(TARGET_NAME)";
			};
			name = Release;
		};
/* End XCBuildConfiguration section */

/* Begin XCConfigurationList section */
		AE4792E91C56A4A800886254 /* Build configuration list for PBXProject "brighton" */ = {
			isa = XCConfigurationList;
			buildConfigurations = (
				AE4792FE1C56A4A800886254 /* Debug */,
				AE4792FF1C56A4A800886254 /* Release */,
			);
			defaultConfigurationIsVisible = 0;
			defaultConfigurationName = Release;
		};
		AE4793001C56A4A800886254 /* Build configuration list for PBXNativeTarget "brighton" */ = {
			isa = XCConfigurationList;
			buildConfigurations = (
				AE4793011C56A4A800886254 /* Debug */,
				AE4793021C56A4A800886254 /* Release */,
			);
			defaultConfigurationIsVisible = 0;
		};
/* End XCConfigurationList section */
	};
	rootObject = AE4792E61C56A4A800886254 /* Project object */;
}
